
Microsoft Visual Studio Solution File, Format Version 12.00
# Visual Studio Version 16
VisualStudioVersion = 16.0.30309.148
MinimumVisualStudioVersion = 10.0.40219.1
Project("{2150E333-8FDC-42A3-9474-1A3956D46DE8}") = "src", "src", "{97F33E57-2A2D-481A-8FA3-62BF1674FD25}"
EndProject
Project("{2150E333-8FDC-42A3-9474-1A3956D46DE8}") = "Bulding Blocks", "Bulding Blocks", "{EF50BBE5-11A3-42B6-9C12-54C2A8F4C095}"
EndProject
Project("{2150E333-8FDC-42A3-9474-1A3956D46DE8}") = "Core", "Core", "{6D7466DD-D0BC-42C5-B53C-7526099139E4}"
EndProject
Project("{2150E333-8FDC-42A3-9474-1A3956D46DE8}") = "MessageBus", "MessageBus", "{BE332F06-9673-47F9-A303-6C72A5441EFE}"
EndProject
Project("{2150E333-8FDC-42A3-9474-1A3956D46DE8}") = "Services", "Services", "{82298E4A-CD76-4E35-8CEE-FC5186FB337D}"
EndProject
Project("{9A19103F-16F7-4668-BE54-9A1E7A4F7556}") = "PPGM.Core", "src\bulding-blocks\PPGM.Core\PPGM.Core.csproj", "{ADA9C539-A119-4578-8B64-2854643456B6}"
EndProject
Project("{9A19103F-16F7-4668-BE54-9A1E7A4F7556}") = "PPGM.MessageBus", "src\bulding-blocks\PPGM.MessageBus\PPGM.MessageBus.csproj", "{F8BC7E39-8FAA-4A5A-9B34-06015CB0D2FA}"
EndProject
Project("{9A19103F-16F7-4668-BE54-9A1E7A4F7556}") = "PPGM.WebAPI.Core", "src\bulding-blocks\PPGM.WebAPI.Core\PPGM.WebAPI.Core.csproj", "{51F73453-0513-4E1C-8106-F63B00C3A204}"
EndProject
Project("{2150E333-8FDC-42A3-9474-1A3956D46DE8}") = "Services", "Services", "{D0938937-155A-4897-97AD-6261EBD0DFA8}"
EndProject
Project("{2150E333-8FDC-42A3-9474-1A3956D46DE8}") = "Autenticacao", "Autenticacao", "{4915290E-1FAB-42B0-B00C-4AD665DD19F8}"
EndProject
Project("{9A19103F-16F7-4668-BE54-9A1E7A4F7556}") = "PPGM.Autenticacao.API", "src\services\PPGM.Autenticacao.API\PPGM.Autenticacao.API.csproj", "{8639949B-CC9C-4FB4-8813-2BE6E1F16A3C}"
EndProject
Project("{2150E333-8FDC-42A3-9474-1A3956D46DE8}") = "Usuario", "Usuario", "{EAF55C00-CA16-4DDE-AAAB-FB66C8BF6AA0}"
EndProject
Project("{9A19103F-16F7-4668-BE54-9A1E7A4F7556}") = "PPGM.Usuarios.API", "src\services\PPGM.Usuarios.API\PPGM.Usuarios.API.csproj", "{A3DC2B02-3914-490D-B674-E990EED0593F}"
EndProject
Project("{2150E333-8FDC-42A3-9474-1A3956D46DE8}") = "ApiGateways", "ApiGateways", "{CA152182-9038-4CA7-9263-1580B6149914}"
EndProject
Project("{2150E333-8FDC-42A3-9474-1A3956D46DE8}") = "SistemasMunicipais", "SistemasMunicipais", "{05185AA0-EE05-4C97-96BD-E34CF8B73D76}"
EndProject
Project("{9A19103F-16F7-4668-BE54-9A1E7A4F7556}") = "PPGM.SAFIM.API", "src\services-municipio\PPGM.SAFIM.API\PPGM.SAFIM.API.csproj", "{994A72B7-DBA6-4471-8C53-D6FFD07249F1}"
EndProject
Project("{9A19103F-16F7-4668-BE54-9A1E7A4F7556}") = "PPGM.SASCI.API", "src\services-municipio\PPGM.SASCI.API\PPGM.SASCI.API.csproj", "{84F529B6-7C2C-4B32-93DC-A5C9C56AF76C}"
EndProject
Project("{9A19103F-16F7-4668-BE54-9A1E7A4F7556}") = "PPGM.STUR.API", "src\services-municipio\PPGM.STUR.API\PPGM.STUR.API.csproj", "{6DB0F57A-40C6-4EDD-914C-281DD5C3745D}"
EndProject
Project("{9A19103F-16F7-4668-BE54-9A1E7A4F7556}") = "PPGM.SAEM.API", "src\services-municipio\PPGM.SAEM.API\PPGM.SAEM.API.csproj", "{A65900BB-DFF0-4A2C-819B-7B30B4C487A4}"
EndProject
Project("{FAE04EC0-301F-11D3-BF4B-00C04F79EFBC}") = "PPGM.BFF.Integracao", "src\api-gateways\PPGM.BFF.Integracao\PPGM.BFF.Integracao.csproj", "{DF5DB0B2-FF48-4E85-A1D8-59DC370D488A}"
EndProject
Global
	GlobalSection(SolutionConfigurationPlatforms) = preSolution
		Debug|Any CPU = Debug|Any CPU
		Release|Any CPU = Release|Any CPU
	EndGlobalSection
	GlobalSection(ProjectConfigurationPlatforms) = postSolution
		{ADA9C539-A119-4578-8B64-2854643456B6}.Debug|Any CPU.ActiveCfg = Debug|Any CPU
		{ADA9C539-A119-4578-8B64-2854643456B6}.Debug|Any CPU.Build.0 = Debug|Any CPU
		{ADA9C539-A119-4578-8B64-2854643456B6}.Release|Any CPU.ActiveCfg = Release|Any CPU
		{ADA9C539-A119-4578-8B64-2854643456B6}.Release|Any CPU.Build.0 = Release|Any CPU
		{F8BC7E39-8FAA-4A5A-9B34-06015CB0D2FA}.Debug|Any CPU.ActiveCfg = Debug|Any CPU
		{F8BC7E39-8FAA-4A5A-9B34-06015CB0D2FA}.Debug|Any CPU.Build.0 = Debug|Any CPU
		{F8BC7E39-8FAA-4A5A-9B34-06015CB0D2FA}.Release|Any CPU.ActiveCfg = Release|Any CPU
		{F8BC7E39-8FAA-4A5A-9B34-06015CB0D2FA}.Release|Any CPU.Build.0 = Release|Any CPU
		{51F73453-0513-4E1C-8106-F63B00C3A204}.Debug|Any CPU.ActiveCfg = Debug|Any CPU
		{51F73453-0513-4E1C-8106-F63B00C3A204}.Debug|Any CPU.Build.0 = Debug|Any CPU
		{51F73453-0513-4E1C-8106-F63B00C3A204}.Release|Any CPU.ActiveCfg = Release|Any CPU
		{51F73453-0513-4E1C-8106-F63B00C3A204}.Release|Any CPU.Build.0 = Release|Any CPU
		{8639949B-CC9C-4FB4-8813-2BE6E1F16A3C}.Debug|Any CPU.ActiveCfg = Debug|Any CPU
		{8639949B-CC9C-4FB4-8813-2BE6E1F16A3C}.Debug|Any CPU.Build.0 = Debug|Any CPU
		{8639949B-CC9C-4FB4-8813-2BE6E1F16A3C}.Release|Any CPU.ActiveCfg = Release|Any CPU
		{8639949B-CC9C-4FB4-8813-2BE6E1F16A3C}.Release|Any CPU.Build.0 = Release|Any CPU
		{A3DC2B02-3914-490D-B674-E990EED0593F}.Debug|Any CPU.ActiveCfg = Debug|Any CPU
		{A3DC2B02-3914-490D-B674-E990EED0593F}.Debug|Any CPU.Build.0 = Debug|Any CPU
		{A3DC2B02-3914-490D-B674-E990EED0593F}.Release|Any CPU.ActiveCfg = Release|Any CPU
		{A3DC2B02-3914-490D-B674-E990EED0593F}.Release|Any CPU.Build.0 = Release|Any CPU
		{994A72B7-DBA6-4471-8C53-D6FFD07249F1}.Debug|Any CPU.ActiveCfg = Debug|Any CPU
		{994A72B7-DBA6-4471-8C53-D6FFD07249F1}.Debug|Any CPU.Build.0 = Debug|Any CPU
		{994A72B7-DBA6-4471-8C53-D6FFD07249F1}.Release|Any CPU.ActiveCfg = Release|Any CPU
		{994A72B7-DBA6-4471-8C53-D6FFD07249F1}.Release|Any CPU.Build.0 = Release|Any CPU
		{84F529B6-7C2C-4B32-93DC-A5C9C56AF76C}.Debug|Any CPU.ActiveCfg = Debug|Any CPU
		{84F529B6-7C2C-4B32-93DC-A5C9C56AF76C}.Debug|Any CPU.Build.0 = Debug|Any CPU
		{84F529B6-7C2C-4B32-93DC-A5C9C56AF76C}.Release|Any CPU.ActiveCfg = Release|Any CPU
		{84F529B6-7C2C-4B32-93DC-A5C9C56AF76C}.Release|Any CPU.Build.0 = Release|Any CPU
		{6DB0F57A-40C6-4EDD-914C-281DD5C3745D}.Debug|Any CPU.ActiveCfg = Debug|Any CPU
		{6DB0F57A-40C6-4EDD-914C-281DD5C3745D}.Debug|Any CPU.Build.0 = Debug|Any CPU
		{6DB0F57A-40C6-4EDD-914C-281DD5C3745D}.Release|Any CPU.ActiveCfg = Release|Any CPU
		{6DB0F57A-40C6-4EDD-914C-281DD5C3745D}.Release|Any CPU.Build.0 = Release|Any CPU
		{A65900BB-DFF0-4A2C-819B-7B30B4C487A4}.Debug|Any CPU.ActiveCfg = Debug|Any CPU
		{A65900BB-DFF0-4A2C-819B-7B30B4C487A4}.Debug|Any CPU.Build.0 = Debug|Any CPU
		{A65900BB-DFF0-4A2C-819B-7B30B4C487A4}.Release|Any CPU.ActiveCfg = Release|Any CPU
		{A65900BB-DFF0-4A2C-819B-7B30B4C487A4}.Release|Any CPU.Build.0 = Release|Any CPU
		{DF5DB0B2-FF48-4E85-A1D8-59DC370D488A}.Debug|Any CPU.ActiveCfg = Debug|Any CPU
		{DF5DB0B2-FF48-4E85-A1D8-59DC370D488A}.Debug|Any CPU.Build.0 = Debug|Any CPU
		{DF5DB0B2-FF48-4E85-A1D8-59DC370D488A}.Release|Any CPU.ActiveCfg = Release|Any CPU
		{DF5DB0B2-FF48-4E85-A1D8-59DC370D488A}.Release|Any CPU.Build.0 = Release|Any CPU
	EndGlobalSection
	GlobalSection(SolutionProperties) = preSolution
		HideSolutionNode = FALSE
	EndGlobalSection
	GlobalSection(NestedProjects) = preSolution
		{EF50BBE5-11A3-42B6-9C12-54C2A8F4C095} = {97F33E57-2A2D-481A-8FA3-62BF1674FD25}
		{6D7466DD-D0BC-42C5-B53C-7526099139E4} = {EF50BBE5-11A3-42B6-9C12-54C2A8F4C095}
		{BE332F06-9673-47F9-A303-6C72A5441EFE} = {EF50BBE5-11A3-42B6-9C12-54C2A8F4C095}
		{82298E4A-CD76-4E35-8CEE-FC5186FB337D} = {EF50BBE5-11A3-42B6-9C12-54C2A8F4C095}
		{ADA9C539-A119-4578-8B64-2854643456B6} = {6D7466DD-D0BC-42C5-B53C-7526099139E4}
		{F8BC7E39-8FAA-4A5A-9B34-06015CB0D2FA} = {BE332F06-9673-47F9-A303-6C72A5441EFE}
		{51F73453-0513-4E1C-8106-F63B00C3A204} = {82298E4A-CD76-4E35-8CEE-FC5186FB337D}
		{D0938937-155A-4897-97AD-6261EBD0DFA8} = {97F33E57-2A2D-481A-8FA3-62BF1674FD25}
		{4915290E-1FAB-42B0-B00C-4AD665DD19F8} = {D0938937-155A-4897-97AD-6261EBD0DFA8}
		{8639949B-CC9C-4FB4-8813-2BE6E1F16A3C} = {4915290E-1FAB-42B0-B00C-4AD665DD19F8}
		{EAF55C00-CA16-4DDE-AAAB-FB66C8BF6AA0} = {D0938937-155A-4897-97AD-6261EBD0DFA8}
		{A3DC2B02-3914-490D-B674-E990EED0593F} = {EAF55C00-CA16-4DDE-AAAB-FB66C8BF6AA0}
		{CA152182-9038-4CA7-9263-1580B6149914} = {EF50BBE5-11A3-42B6-9C12-54C2A8F4C095}
		{05185AA0-EE05-4C97-96BD-E34CF8B73D76} = {D0938937-155A-4897-97AD-6261EBD0DFA8}
		{994A72B7-DBA6-4471-8C53-D6FFD07249F1} = {05185AA0-EE05-4C97-96BD-E34CF8B73D76}
		{84F529B6-7C2C-4B32-93DC-A5C9C56AF76C} = {05185AA0-EE05-4C97-96BD-E34CF8B73D76}
		{6DB0F57A-40C6-4EDD-914C-281DD5C3745D} = {05185AA0-EE05-4C97-96BD-E34CF8B73D76}
		{A65900BB-DFF0-4A2C-819B-7B30B4C487A4} = {05185AA0-EE05-4C97-96BD-E34CF8B73D76}
		{DF5DB0B2-FF48-4E85-A1D8-59DC370D488A} = {CA152182-9038-4CA7-9263-1580B6149914}
	EndGlobalSection
	GlobalSection(ExtensibilityGlobals) = postSolution
		SolutionGuid = {589B2294-99C2-44B2-845E-21D016678D34}
	EndGlobalSection
EndGlobal
